
Microsoft Visual Studio Solution File, Format Version 12.00
# Visual Studio Version 16
VisualStudioVersion = 16.0.30907.101
MinimumVisualStudioVersion = 10.0.40219.1
Project("{FAE04EC0-301F-11D3-BF4B-00C04F79EFBC}") = "NsTestFrameworkApi", "NsTestFrameworkApi\NsTestFrameworkApi.csproj", "{0A963276-B83F-4346-B0D7-8ACB812AAAE8}"
EndProject
Global
	GlobalSection(SolutionConfigurationPlatforms) = preSolution
		Debug|Any CPU = Debug|Any CPU
		Release|Any CPU = Release|Any CPU
	EndGlobalSection
	GlobalSection(ProjectConfigurationPlatforms) = postSolution
		{0A963276-B83F-4346-B0D7-8ACB812AAAE8}.Debug|Any CPU.ActiveCfg = Debug|Any CPU
		{0A963276-B83F-4346-B0D7-8ACB812AAAE8}.Debug|Any CPU.Build.0 = Debug|Any CPU
		{0A963276-B83F-4346-B0D7-8ACB812AAAE8}.Release|Any CPU.ActiveCfg = Release|Any CPU
		{0A963276-B83F-4346-B0D7-8ACB812AAAE8}.Release|Any CPU.Build.0 = Release|Any CPU
	EndGlobalSection
	GlobalSection(SolutionProperties) = preSolution
		HideSolutionNode = FALSE
	EndGlobalSection
	GlobalSection(ExtensibilityGlobals) = postSolution
		SolutionGuid = {FAC80ED9-4FC2-4B4D-A028-97F9CAE3CF4D}
	EndGlobalSection
EndGlobal
